
Microsoft Visual Studio Solution File, Format Version 12.00
# Visual Studio Version 16
VisualStudioVersion = 16.0.29613.14
MinimumVisualStudioVersion = 10.0.40219.1
Project("{FAE04EC0-301F-11D3-BF4B-00C04F79EFBC}") = "DatosUsuario.API", "DatosUsuario.API\DatosUsuario.API.csproj", "{09C84596-4334-46AA-B906-2B4F4BA98719}"
EndProject
Project("{FAE04EC0-301F-11D3-BF4B-00C04F79EFBC}") = "DatosUsuario.Models", "DatosUsuario.Models\DatosUsuario.Models.csproj", "{E7BC57E4-164C-4415-9AD4-8D1881D8C06D}"
EndProject
Project("{FAE04EC0-301F-11D3-BF4B-00C04F79EFBC}") = "DatosUsuario.Core", "DatosUsuario.Core\DatosUsuario.Core.csproj", "{372CBF95-975D-4FFC-B1F7-B5FEAD891CB0}"
EndProject
Project("{2150E333-8FDC-42A3-9474-1A3956D46DE8}") = "ConnectionDB", "ConnectionDB", "{31CEECFF-2365-4727-9E0F-6BF2401B875E}"
	ProjectSection(SolutionItems) = preProject
		DatosUsuarios.sql = DatosUsuarios.sql
	EndProjectSection
EndProject
Global
	GlobalSection(SolutionConfigurationPlatforms) = preSolution
		Debug|Any CPU = Debug|Any CPU
		Release|Any CPU = Release|Any CPU
	EndGlobalSection
	GlobalSection(ProjectConfigurationPlatforms) = postSolution
		{09C84596-4334-46AA-B906-2B4F4BA98719}.Debug|Any CPU.ActiveCfg = Debug|Any CPU
		{09C84596-4334-46AA-B906-2B4F4BA98719}.Debug|Any CPU.Build.0 = Debug|Any CPU
		{09C84596-4334-46AA-B906-2B4F4BA98719}.Release|Any CPU.ActiveCfg = Release|Any CPU
		{09C84596-4334-46AA-B906-2B4F4BA98719}.Release|Any CPU.Build.0 = Release|Any CPU
		{E7BC57E4-164C-4415-9AD4-8D1881D8C06D}.Debug|Any CPU.ActiveCfg = Debug|Any CPU
		{E7BC57E4-164C-4415-9AD4-8D1881D8C06D}.Debug|Any CPU.Build.0 = Debug|Any CPU
		{E7BC57E4-164C-4415-9AD4-8D1881D8C06D}.Release|Any CPU.ActiveCfg = Release|Any CPU
		{E7BC57E4-164C-4415-9AD4-8D1881D8C06D}.Release|Any CPU.Build.0 = Release|Any CPU
		{372CBF95-975D-4FFC-B1F7-B5FEAD891CB0}.Debug|Any CPU.ActiveCfg = Debug|Any CPU
		{372CBF95-975D-4FFC-B1F7-B5FEAD891CB0}.Debug|Any CPU.Build.0 = Debug|Any CPU
		{372CBF95-975D-4FFC-B1F7-B5FEAD891CB0}.Release|Any CPU.ActiveCfg = Release|Any CPU
		{372CBF95-975D-4FFC-B1F7-B5FEAD891CB0}.Release|Any CPU.Build.0 = Release|Any CPU
	EndGlobalSection
	GlobalSection(SolutionProperties) = preSolution
		HideSolutionNode = FALSE
	EndGlobalSection
	GlobalSection(ExtensibilityGlobals) = postSolution
		SolutionGuid = {DD2787DC-CD71-4A68-B016-1C3707B37CF0}
	EndGlobalSection
EndGlobal
